
Microsoft Visual Studio Solution File, Format Version 11.00
# Visual Studio 2010
# SharpDevelop 4.4
Project("{FD48973F-F585-4F70-812B-4D0503B36CE9}") = "Prog54c Functions better", "Prog54c Functions better\Prog54c Functions better.pyproj", "{D0C39048-A2B0-40B8-AB91-4997E857065B}"
EndProject
Global
	GlobalSection(SolutionConfigurationPlatforms) = preSolution
		Debug|Any CPU = Debug|Any CPU
		Release|Any CPU = Release|Any CPU
	EndGlobalSection
	GlobalSection(ProjectConfigurationPlatforms) = postSolution
		{D0C39048-A2B0-40B8-AB91-4997E857065B}.Debug|Any CPU.Build.0 = Debug|Any CPU
		{D0C39048-A2B0-40B8-AB91-4997E857065B}.Debug|Any CPU.ActiveCfg = Debug|Any CPU
		{D0C39048-A2B0-40B8-AB91-4997E857065B}.Release|Any CPU.Build.0 = Release|Any CPU
		{D0C39048-A2B0-40B8-AB91-4997E857065B}.Release|Any CPU.ActiveCfg = Release|Any CPU
	EndGlobalSection
EndGlobal
