
Microsoft Visual Studio Solution File, Format Version 11.00
# Visual Studio 2010
# SharpDevelop 4.4
Project("{FD48973F-F585-4F70-812B-4D0503B36CE9}") = "StrInt", "StrInt\StrInt.pyproj", "{0B1B91B2-C1F3-4BE8-A4B0-F4653E634217}"
EndProject
Global
	GlobalSection(SolutionConfigurationPlatforms) = preSolution
		Debug|Any CPU = Debug|Any CPU
		Release|Any CPU = Release|Any CPU
	EndGlobalSection
	GlobalSection(ProjectConfigurationPlatforms) = postSolution
		{0B1B91B2-C1F3-4BE8-A4B0-F4653E634217}.Debug|Any CPU.Build.0 = Debug|Any CPU
		{0B1B91B2-C1F3-4BE8-A4B0-F4653E634217}.Debug|Any CPU.ActiveCfg = Debug|Any CPU
		{0B1B91B2-C1F3-4BE8-A4B0-F4653E634217}.Release|Any CPU.Build.0 = Release|Any CPU
		{0B1B91B2-C1F3-4BE8-A4B0-F4653E634217}.Release|Any CPU.ActiveCfg = Release|Any CPU
	EndGlobalSection
EndGlobal
