
Microsoft Visual Studio Solution File, Format Version 11.00
# Visual Studio 2010
# SharpDevelop 4.4
Project("{FD48973F-F585-4F70-812B-4D0503B36CE9}") = "prog54c functions", "prog54c functions\prog54c functions.pyproj", "{15B5F173-6232-4292-A492-69817DF01788}"
EndProject
Global
	GlobalSection(SolutionConfigurationPlatforms) = preSolution
		Debug|Any CPU = Debug|Any CPU
		Release|Any CPU = Release|Any CPU
	EndGlobalSection
	GlobalSection(ProjectConfigurationPlatforms) = postSolution
		{15B5F173-6232-4292-A492-69817DF01788}.Debug|Any CPU.Build.0 = Debug|Any CPU
		{15B5F173-6232-4292-A492-69817DF01788}.Debug|Any CPU.ActiveCfg = Debug|Any CPU
		{15B5F173-6232-4292-A492-69817DF01788}.Release|Any CPU.Build.0 = Release|Any CPU
		{15B5F173-6232-4292-A492-69817DF01788}.Release|Any CPU.ActiveCfg = Release|Any CPU
	EndGlobalSection
EndGlobal
