
Microsoft Visual Studio Solution File, Format Version 11.00
# Visual Studio 2010
# SharpDevelop 4.4
Project("{FD48973F-F585-4F70-812B-4D0503B36CE9}") = "actual prog 122a", "actual prog 122a\actual prog 122a.pyproj", "{BC07F773-E913-4B3A-AB8F-0137CCF7F750}"
EndProject
Global
	GlobalSection(SolutionConfigurationPlatforms) = preSolution
		Debug|Any CPU = Debug|Any CPU
		Release|Any CPU = Release|Any CPU
	EndGlobalSection
	GlobalSection(ProjectConfigurationPlatforms) = postSolution
		{BC07F773-E913-4B3A-AB8F-0137CCF7F750}.Debug|Any CPU.Build.0 = Debug|Any CPU
		{BC07F773-E913-4B3A-AB8F-0137CCF7F750}.Debug|Any CPU.ActiveCfg = Debug|Any CPU
		{BC07F773-E913-4B3A-AB8F-0137CCF7F750}.Release|Any CPU.Build.0 = Release|Any CPU
		{BC07F773-E913-4B3A-AB8F-0137CCF7F750}.Release|Any CPU.ActiveCfg = Release|Any CPU
	EndGlobalSection
EndGlobal
