
Microsoft Visual Studio Solution File, Format Version 11.00
# Visual Studio 2010
# SharpDevelop 4.4
Project("{FD48973F-F585-4F70-812B-4D0503B36CE9}") = "FavoriteSubject.Game", "FavoriteSubject.Game\FavoriteSubject.Game.pyproj", "{3A9C11C8-7737-4DC3-8530-B2F3B9941166}"
EndProject
Global
	GlobalSection(SolutionConfigurationPlatforms) = preSolution
		Debug|Any CPU = Debug|Any CPU
		Release|Any CPU = Release|Any CPU
	EndGlobalSection
	GlobalSection(ProjectConfigurationPlatforms) = postSolution
		{3A9C11C8-7737-4DC3-8530-B2F3B9941166}.Debug|Any CPU.Build.0 = Debug|Any CPU
		{3A9C11C8-7737-4DC3-8530-B2F3B9941166}.Debug|Any CPU.ActiveCfg = Debug|Any CPU
		{3A9C11C8-7737-4DC3-8530-B2F3B9941166}.Release|Any CPU.Build.0 = Release|Any CPU
		{3A9C11C8-7737-4DC3-8530-B2F3B9941166}.Release|Any CPU.ActiveCfg = Release|Any CPU
	EndGlobalSection
EndGlobal
