
Microsoft Visual Studio Solution File, Format Version 11.00
# Visual Studio 2010
# SharpDevelop 4.4
Project("{FD48973F-F585-4F70-812B-4D0503B36CE9}") = "prog115a", "prog115a\prog115a.pyproj", "{A274C615-8E46-48F7-9918-F1D338587A75}"
EndProject
Global
	GlobalSection(SolutionConfigurationPlatforms) = preSolution
		Debug|Any CPU = Debug|Any CPU
		Release|Any CPU = Release|Any CPU
	EndGlobalSection
	GlobalSection(ProjectConfigurationPlatforms) = postSolution
		{A274C615-8E46-48F7-9918-F1D338587A75}.Debug|Any CPU.Build.0 = Debug|Any CPU
		{A274C615-8E46-48F7-9918-F1D338587A75}.Debug|Any CPU.ActiveCfg = Debug|Any CPU
		{A274C615-8E46-48F7-9918-F1D338587A75}.Release|Any CPU.Build.0 = Release|Any CPU
		{A274C615-8E46-48F7-9918-F1D338587A75}.Release|Any CPU.ActiveCfg = Release|Any CPU
	EndGlobalSection
EndGlobal
