
Microsoft Visual Studio Solution File, Format Version 11.00
# Visual Studio 2010
# SharpDevelop 4.4
Project("{FD48973F-F585-4F70-812B-4D0503B36CE9}") = "prog52a", "prog52a\prog52a.pyproj", "{90CF0512-2D66-41D5-BA68-810BF5325D0F}"
EndProject
Global
	GlobalSection(SolutionConfigurationPlatforms) = preSolution
		Debug|Any CPU = Debug|Any CPU
		Release|Any CPU = Release|Any CPU
	EndGlobalSection
	GlobalSection(ProjectConfigurationPlatforms) = postSolution
		{90CF0512-2D66-41D5-BA68-810BF5325D0F}.Debug|Any CPU.Build.0 = Debug|Any CPU
		{90CF0512-2D66-41D5-BA68-810BF5325D0F}.Debug|Any CPU.ActiveCfg = Debug|Any CPU
		{90CF0512-2D66-41D5-BA68-810BF5325D0F}.Release|Any CPU.Build.0 = Release|Any CPU
		{90CF0512-2D66-41D5-BA68-810BF5325D0F}.Release|Any CPU.ActiveCfg = Release|Any CPU
	EndGlobalSection
EndGlobal
