
Microsoft Visual Studio Solution File, Format Version 12.00
# Visual Studio 2013
VisualStudioVersion = 12.0.40629.0
MinimumVisualStudioVersion = 10.0.40219.1
Project("{FAE04EC0-301F-11D3-BF4B-00C04F79EFBC}") = "HelloName", "ConsoleApplication1\HelloName.csproj", "{40BEC81C-BC87-45A4-8D49-B90B5BE7CA8B}"
EndProject
Project("{FAE04EC0-301F-11D3-BF4B-00C04F79EFBC}") = "Fav Club", "Fav Club\Fav Club.csproj", "{AF8FF6EC-B165-45C4-A1C8-0FC7195159D4}"
EndProject
Project("{FAE04EC0-301F-11D3-BF4B-00C04F79EFBC}") = "Prog52aConsole", "Prog52aConsole\Prog52aConsole.csproj", "{E08CB713-B6B9-4013-B43A-23762D0329A8}"
EndProject
Project("{FAE04EC0-301F-11D3-BF4B-00C04F79EFBC}") = "prog54bConsole", "prog54bConsole\prog54bConsole.csproj", "{AD627ACA-521C-404B-BED5-759B74D82821}"
EndProject
Project("{FAE04EC0-301F-11D3-BF4B-00C04F79EFBC}") = "Prog54cConsole", "Prog54cConsole\Prog54cConsole.csproj", "{496CA4D3-BDC9-4CCE-A500-BAAB393D7D68}"
EndProject
Project("{FAE04EC0-301F-11D3-BF4B-00C04F79EFBC}") = "form1", "form1\form1.csproj", "{A786FA47-0370-431B-85EA-7E7F3B2D4F60}"
EndProject
Project("{FAE04EC0-301F-11D3-BF4B-00C04F79EFBC}") = "lp4-1.5", "lp4-1.5\lp4-1.5.csproj", "{6346C784-1ED5-46F9-B54D-DDB0580FF6B8}"
EndProject
Global
	GlobalSection(SolutionConfigurationPlatforms) = preSolution
		Debug|Any CPU = Debug|Any CPU
		Release|Any CPU = Release|Any CPU
	EndGlobalSection
	GlobalSection(ProjectConfigurationPlatforms) = postSolution
		{40BEC81C-BC87-45A4-8D49-B90B5BE7CA8B}.Debug|Any CPU.ActiveCfg = Debug|Any CPU
		{40BEC81C-BC87-45A4-8D49-B90B5BE7CA8B}.Debug|Any CPU.Build.0 = Debug|Any CPU
		{40BEC81C-BC87-45A4-8D49-B90B5BE7CA8B}.Release|Any CPU.ActiveCfg = Release|Any CPU
		{40BEC81C-BC87-45A4-8D49-B90B5BE7CA8B}.Release|Any CPU.Build.0 = Release|Any CPU
		{AF8FF6EC-B165-45C4-A1C8-0FC7195159D4}.Debug|Any CPU.ActiveCfg = Debug|Any CPU
		{AF8FF6EC-B165-45C4-A1C8-0FC7195159D4}.Debug|Any CPU.Build.0 = Debug|Any CPU
		{AF8FF6EC-B165-45C4-A1C8-0FC7195159D4}.Release|Any CPU.ActiveCfg = Release|Any CPU
		{AF8FF6EC-B165-45C4-A1C8-0FC7195159D4}.Release|Any CPU.Build.0 = Release|Any CPU
		{E08CB713-B6B9-4013-B43A-23762D0329A8}.Debug|Any CPU.ActiveCfg = Debug|Any CPU
		{E08CB713-B6B9-4013-B43A-23762D0329A8}.Debug|Any CPU.Build.0 = Debug|Any CPU
		{E08CB713-B6B9-4013-B43A-23762D0329A8}.Release|Any CPU.ActiveCfg = Release|Any CPU
		{E08CB713-B6B9-4013-B43A-23762D0329A8}.Release|Any CPU.Build.0 = Release|Any CPU
		{AD627ACA-521C-404B-BED5-759B74D82821}.Debug|Any CPU.ActiveCfg = Debug|Any CPU
		{AD627ACA-521C-404B-BED5-759B74D82821}.Debug|Any CPU.Build.0 = Debug|Any CPU
		{AD627ACA-521C-404B-BED5-759B74D82821}.Release|Any CPU.ActiveCfg = Release|Any CPU
		{AD627ACA-521C-404B-BED5-759B74D82821}.Release|Any CPU.Build.0 = Release|Any CPU
		{496CA4D3-BDC9-4CCE-A500-BAAB393D7D68}.Debug|Any CPU.ActiveCfg = Debug|Any CPU
		{496CA4D3-BDC9-4CCE-A500-BAAB393D7D68}.Debug|Any CPU.Build.0 = Debug|Any CPU
		{496CA4D3-BDC9-4CCE-A500-BAAB393D7D68}.Release|Any CPU.ActiveCfg = Release|Any CPU
		{496CA4D3-BDC9-4CCE-A500-BAAB393D7D68}.Release|Any CPU.Build.0 = Release|Any CPU
		{A786FA47-0370-431B-85EA-7E7F3B2D4F60}.Debug|Any CPU.ActiveCfg = Debug|Any CPU
		{A786FA47-0370-431B-85EA-7E7F3B2D4F60}.Debug|Any CPU.Build.0 = Debug|Any CPU
		{A786FA47-0370-431B-85EA-7E7F3B2D4F60}.Release|Any CPU.ActiveCfg = Release|Any CPU
		{A786FA47-0370-431B-85EA-7E7F3B2D4F60}.Release|Any CPU.Build.0 = Release|Any CPU
		{6346C784-1ED5-46F9-B54D-DDB0580FF6B8}.Debug|Any CPU.ActiveCfg = Debug|Any CPU
		{6346C784-1ED5-46F9-B54D-DDB0580FF6B8}.Debug|Any CPU.Build.0 = Debug|Any CPU
		{6346C784-1ED5-46F9-B54D-DDB0580FF6B8}.Release|Any CPU.ActiveCfg = Release|Any CPU
		{6346C784-1ED5-46F9-B54D-DDB0580FF6B8}.Release|Any CPU.Build.0 = Release|Any CPU
	EndGlobalSection
	GlobalSection(SolutionProperties) = preSolution
		HideSolutionNode = FALSE
	EndGlobalSection
	GlobalSection(ExtensibilityGlobals) = postSolution
		SolutionGuid = {C3FF712F-09E9-4EA2-A299-910CF6E6CE8E}
	EndGlobalSection
EndGlobal
