
Microsoft Visual Studio Solution File, Format Version 11.00
# Visual Studio 2010
# SharpDevelop 4.4
Project("{FD48973F-F585-4F70-812B-4D0503B36CE9}") = "lp37", "lp37\lp37.pyproj", "{42066F57-5B84-408E-BC1C-7A5DF66C09B4}"
EndProject
Global
	GlobalSection(SolutionConfigurationPlatforms) = preSolution
		Debug|Any CPU = Debug|Any CPU
		Release|Any CPU = Release|Any CPU
	EndGlobalSection
	GlobalSection(ProjectConfigurationPlatforms) = postSolution
		{42066F57-5B84-408E-BC1C-7A5DF66C09B4}.Debug|Any CPU.Build.0 = Debug|Any CPU
		{42066F57-5B84-408E-BC1C-7A5DF66C09B4}.Debug|Any CPU.ActiveCfg = Debug|Any CPU
		{42066F57-5B84-408E-BC1C-7A5DF66C09B4}.Release|Any CPU.Build.0 = Release|Any CPU
		{42066F57-5B84-408E-BC1C-7A5DF66C09B4}.Release|Any CPU.ActiveCfg = Release|Any CPU
	EndGlobalSection
EndGlobal
